
Microsoft Visual Studio Solution File, Format Version 12.00
# Visual Studio Version 16
VisualStudioVersion = 25.0.1705.4
MinimumVisualStudioVersion = 10.0.40219.1
Project("{FAE04EC0-301F-11D3-BF4B-00C04F79EFBC}") = "ApplicationTracker", "ApplicationTracker.csproj", "{80CDAB94-13DC-48D4-B4B3-0AEF93403C1A}"
EndProject
Global
	GlobalSection(SolutionConfigurationPlatforms) = preSolution
		Debug|Any CPU = Debug|Any CPU
		Release|Any CPU = Release|Any CPU
	EndGlobalSection
	GlobalSection(ProjectConfigurationPlatforms) = postSolution
		{80CDAB94-13DC-48D4-B4B3-0AEF93403C1A}.Debug|Any CPU.ActiveCfg = Debug|Any CPU
		{80CDAB94-13DC-48D4-B4B3-0AEF93403C1A}.Debug|Any CPU.Build.0 = Debug|Any CPU
		{80CDAB94-13DC-48D4-B4B3-0AEF93403C1A}.Release|Any CPU.ActiveCfg = Release|Any CPU
		{80CDAB94-13DC-48D4-B4B3-0AEF93403C1A}.Release|Any CPU.Build.0 = Release|Any CPU
	EndGlobalSection
	GlobalSection(SolutionProperties) = preSolution
		HideSolutionNode = FALSE
	EndGlobalSection
	GlobalSection(ExtensibilityGlobals) = postSolution
		SolutionGuid = {B055329B-9753-47E8-9528-DCA26EC7D1B9}
	EndGlobalSection
EndGlobal
